
Microsoft Visual Studio Solution File, Format Version 12.00
# Visual Studio 2015
Project("{FAE04EC0-301F-11D3-BF4B-00C04F79EFBC}") = "CacadorDeParticulasPrototipo.CSharp", "CacadorDeParticulasPrototipo.CSharp.csproj", "{1031C18A-05B2-D517-543C-75ED38917C16}"
EndProject
Global
	GlobalSection(SolutionConfigurationPlatforms) = preSolution
		Debug|Any CPU = Debug|Any CPU
		Release|Any CPU = Release|Any CPU
	EndGlobalSection
	GlobalSection(ProjectConfigurationPlatforms) = postSolution
		{1031C18A-05B2-D517-543C-75ED38917C16}.Debug|Any CPU.ActiveCfg = Debug|Any CPU
		{1031C18A-05B2-D517-543C-75ED38917C16}.Debug|Any CPU.Build.0 = Debug|Any CPU
		{1031C18A-05B2-D517-543C-75ED38917C16}.Release|Any CPU.ActiveCfg = Release|Any CPU
		{1031C18A-05B2-D517-543C-75ED38917C16}.Release|Any CPU.Build.0 = Release|Any CPU
	EndGlobalSection
	GlobalSection(SolutionProperties) = preSolution
		HideSolutionNode = FALSE
	EndGlobalSection
EndGlobal
