Microsoft Visual Studio Solution File, Format Version 11.00
# Visual Studio 2008

Project("{3ECD15CF-EB82-5F66-DE61-989056949CB9}") = "CacadorDeParticulasPrototipo", "Assembly-CSharp.csproj", "{81AA8B8D-071A-F06C-44A0-B595F6476627}"
EndProject
Global
	GlobalSection(SolutionConfigurationPlatforms) = preSolution
		Debug|Any CPU = Debug|Any CPU
		Release|Any CPU = Release|Any CPU
	EndGlobalSection
	GlobalSection(ProjectConfigurationPlatforms) = postSolution
		{81AA8B8D-071A-F06C-44A0-B595F6476627}.Debug|Any CPU.ActiveCfg = Debug|Any CPU
		{81AA8B8D-071A-F06C-44A0-B595F6476627}.Debug|Any CPU.Build.0 = Debug|Any CPU
		{81AA8B8D-071A-F06C-44A0-B595F6476627}.Release|Any CPU.ActiveCfg = Release|Any CPU
		{81AA8B8D-071A-F06C-44A0-B595F6476627}.Release|Any CPU.Build.0 = Release|Any CPU
	EndGlobalSection
	GlobalSection(SolutionProperties) = preSolution
		HideSolutionNode = FALSE
	EndGlobalSection
	GlobalSection(MonoDevelopProperties) = preSolution
		StartupItem = Assembly-CSharp.csproj
	EndGlobalSection
EndGlobal
